
Microsoft Visual Studio Solution File, Format Version 12.00
# Visual Studio Version 16
VisualStudioVersion = 16.0.29709.97
MinimumVisualStudioVersion = 10.0.40219.1
Project("{888888A0-9F3D-457C-B088-3A5042F75D52}") = "FeedSite", "FeedSite\FeedSite.pyproj", "{6C089EF0-4649-4487-B69A-7EEA5D5D1BD3}"
EndProject
Global
	GlobalSection(SolutionConfigurationPlatforms) = preSolution
		Debug|Any CPU = Debug|Any CPU
		Release|Any CPU = Release|Any CPU
	EndGlobalSection
	GlobalSection(ProjectConfigurationPlatforms) = postSolution
		{6C089EF0-4649-4487-B69A-7EEA5D5D1BD3}.Debug|Any CPU.ActiveCfg = Debug|Any CPU
		{6C089EF0-4649-4487-B69A-7EEA5D5D1BD3}.Debug|Any CPU.Build.0 = Debug|Any CPU
		{6C089EF0-4649-4487-B69A-7EEA5D5D1BD3}.Release|Any CPU.ActiveCfg = Release|Any CPU
		{6C089EF0-4649-4487-B69A-7EEA5D5D1BD3}.Release|Any CPU.Build.0 = Release|Any CPU
	EndGlobalSection
	GlobalSection(SolutionProperties) = preSolution
		HideSolutionNode = FALSE
	EndGlobalSection
	GlobalSection(ExtensibilityGlobals) = postSolution
		SolutionGuid = {F410DE0B-3307-4DA2-AB5D-FB9D7A4B1717}
	EndGlobalSection
EndGlobal
